// !$*UTF8*$!
{
	archiveVersion = 1;
	classes = {
	};
	objectVersion = 55;
	objects = {

/* Begin PBXBuildFile section */
		305F5567294399C10013F724 /* AppDelegate.swift in Sources */ = {isa = PBXBuildFile; fileRef = 305F5566294399C10013F724 /* AppDelegate.swift */; };
		305F5569294399C10013F724 /* SceneDelegate.swift in Sources */ = {isa = PBXBuildFile; fileRef = 305F5568294399C10013F724 /* SceneDelegate.swift */; };
		305F556B294399C10013F724 /* ViewController.swift in Sources */ = {isa = PBXBuildFile; fileRef = 305F556A294399C10013F724 /* ViewController.swift */; };
		305F556E294399C10013F724 /* Main.storyboard in Resources */ = {isa = PBXBuildFile; fileRef = 305F556C294399C10013F724 /* Main.storyboard */; };
		305F5570294399C30013F724 /* Assets.xcassets in Resources */ = {isa = PBXBuildFile; fileRef = 305F556F294399C30013F724 /* Assets.xcassets */; };
		305F5573294399C30013F724 /* LaunchScreen.storyboard in Resources */ = {isa = PBXBuildFile; fileRef = 305F5571294399C30013F724 /* LaunchScreen.storyboard */; };
		305F557E294399C30013F724 /* finalGradeCalculatorTests.swift in Sources */ = {isa = PBXBuildFile; fileRef = 305F557D294399C30013F724 /* finalGradeCalculatorTests.swift */; };
		305F5588294399C30013F724 /* finalGradeCalculatorUITests.swift in Sources */ = {isa = PBXBuildFile; fileRef = 305F5587294399C30013F724 /* finalGradeCalculatorUITests.swift */; };
		305F558A294399C30013F724 /* finalGradeCalculatorUITestsLaunchTests.swift in Sources */ = {isa = PBXBuildFile; fileRef = 305F5589294399C30013F724 /* finalGradeCalculatorUITestsLaunchTests.swift */; };
/* End PBXBuildFile section */

/* Begin PBXContainerItemProxy section */
		305F557A294399C30013F724 /* PBXContainerItemProxy */ = {
			isa = PBXContainerItemProxy;
			containerPortal = 305F555B294399C10013F724 /* Project object */;
			proxyType = 1;
			remoteGlobalIDString = 305F5562294399C10013F724;
			remoteInfo = finalGradeCalculator;
		};
		305F5584294399C30013F724 /* PBXContainerItemProxy */ = {
			isa = PBXContainerItemProxy;
			containerPortal = 305F555B294399C10013F724 /* Project object */;
			proxyType = 1;
			remoteGlobalIDString = 305F5562294399C10013F724;
			remoteInfo = finalGradeCalculator;
		};
/* End PBXContainerItemProxy section */

/* Begin PBXFileReference section */
		305F5563294399C10013F724 /* finalGradeCalculator.app */ = {isa = PBXFileReference; explicitFileType = wrapper.application; includeInIndex = 0; path = finalGradeCalculator.app; sourceTree = BUILT_PRODUCTS_DIR; };
		305F5566294399C10013F724 /* AppDelegate.swift */ = {isa = PBXFileReference; lastKnownFileType = sourcecode.swift; path = AppDelegate.swift; sourceTree = "<group>"; };
		305F5568294399C10013F724 /* SceneDelegate.swift */ = {isa = PBXFileReference; lastKnownFileType = sourcecode.swift; path = SceneDelegate.swift; sourceTree = "<group>"; };
		305F556A294399C10013F724 /* ViewController.swift */ = {isa = PBXFileReference; lastKnownFileType = sourcecode.swift; path = ViewController.swift; sourceTree = "<group>"; };
		305F556D294399C10013F724 /* Base */ = {isa = PBXFileReference; lastKnownFileType = file.storyboard; name = Base; path = Base.lproj/Main.storyboard; sourceTree = "<group>"; };
		305F556F294399C30013F724 /* Assets.xcassets */ = {isa = PBXFileReference; lastKnownFileType = folder.assetcatalog; path = Assets.xcassets; sourceTree = "<group>"; };
		305F5572294399C30013F724 /* Base */ = {isa = PBXFileReference; lastKnownFileType = file.storyboard; name = Base; path = Base.lproj/LaunchScreen.storyboard; sourceTree = "<group>"; };
		305F5574294399C30013F724 /* Info.plist */ = {isa = PBXFileReference; lastKnownFileType = text.plist.xml; path = Info.plist; sourceTree = "<group>"; };
		305F5579294399C30013F724 /* finalGradeCalculatorTests.xctest */ = {isa = PBXFileReference; explicitFileType = wrapper.cfbundle; includeInIndex = 0; path = finalGradeCalculatorTests.xctest; sourceTree = BUILT_PRODUCTS_DIR; };
		305F557D294399C30013F724 /* finalGradeCalculatorTests.swift */ = {isa = PBXFileReference; lastKnownFileType = sourcecode.swift; path = finalGradeCalculatorTests.swift; sourceTree = "<group>"; };
		305F5583294399C30013F724 /* finalGradeCalculatorUITests.xctest */ = {isa = PBXFileReference; explicitFileType = wrapper.cfbundle; includeInIndex = 0; path = finalGradeCalculatorUITests.xctest; sourceTree = BUILT_PRODUCTS_DIR; };
		305F5587294399C30013F724 /* finalGradeCalculatorUITests.swift */ = {isa = PBXFileReference; lastKnownFileType = sourcecode.swift; path = finalGradeCalculatorUITests.swift; sourceTree = "<group>"; };
		305F5589294399C30013F724 /* finalGradeCalculatorUITestsLaunchTests.swift */ = {isa = PBXFileReference; lastKnownFileType = sourcecode.swift; path = finalGradeCalculatorUITestsLaunchTests.swift; sourceTree = "<group>"; };
/* End PBXFileReference section */

/* Begin PBXFrameworksBuildPhase section */
		305F5560294399C10013F724 /* Frameworks */ = {
			isa = PBXFrameworksBuildPhase;
			buildActionMask = 2147483647;
			files = (
			);
			runOnlyForDeploymentPostprocessing = 0;
		};
		305F5576294399C30013F724 /* Frameworks */ = {
			isa = PBXFrameworksBuildPhase;
			buildActionMask = 2147483647;
			files = (
			);
			runOnlyForDeploymentPostprocessing = 0;
		};
		305F5580294399C30013F724 /* Frameworks */ = {
			isa = PBXFrameworksBuildPhase;
			buildActionMask = 2147483647;
			files = (
			);
			runOnlyForDeploymentPostprocessing = 0;
		};
/* End PBXFrameworksBuildPhase section */

/* Begin PBXGroup section */
		305F555A294399C10013F724 = {
			isa = PBXGroup;
			children = (
				305F5565294399C10013F724 /* finalGradeCalculator */,
				305F557C294399C30013F724 /* finalGradeCalculatorTests */,
				305F5586294399C30013F724 /* finalGradeCalculatorUITests */,
				305F5564294399C10013F724 /* Products */,
			);
			sourceTree = "<group>";
		};
		305F5564294399C10013F724 /* Products */ = {
			isa = PBXGroup;
			children = (
				305F5563294399C10013F724 /* finalGradeCalculator.app */,
				305F5579294399C30013F724 /* finalGradeCalculatorTests.xctest */,
				305F5583294399C30013F724 /* finalGradeCalculatorUITests.xctest */,
			);
			name = Products;
			sourceTree = "<group>";
		};
		305F5565294399C10013F724 /* finalGradeCalculator */ = {
			isa = PBXGroup;
			children = (
				305F5566294399C10013F724 /* AppDelegate.swift */,
				305F5568294399C10013F724 /* SceneDelegate.swift */,
				305F556A294399C10013F724 /* ViewController.swift */,
				305F556C294399C10013F724 /* Main.storyboard */,
				305F556F294399C30013F724 /* Assets.xcassets */,
				305F5571294399C30013F724 /* LaunchScreen.storyboard */,
				305F5574294399C30013F724 /* Info.plist */,
			);
			path = finalGradeCalculator;
			sourceTree = "<group>";
		};
		305F557C294399C30013F724 /* finalGradeCalculatorTests */ = {
			isa = PBXGroup;
			children = (
				305F557D294399C30013F724 /* finalGradeCalculatorTests.swift */,
			);
			path = finalGradeCalculatorTests;
			sourceTree = "<group>";
		};
		305F5586294399C30013F724 /* finalGradeCalculatorUITests */ = {
			isa = PBXGroup;
			children = (
				305F5587294399C30013F724 /* finalGradeCalculatorUITests.swift */,
				305F5589294399C30013F724 /* finalGradeCalculatorUITestsLaunchTests.swift */,
			);
			path = finalGradeCalculatorUITests;
			sourceTree = "<group>";
		};
/* End PBXGroup section */

/* Begin PBXNativeTarget section */
		305F5562294399C10013F724 /* finalGradeCalculator */ = {
			isa = PBXNativeTarget;
			buildConfigurationList = 305F558D294399C30013F724 /* Build configuration list for PBXNativeTarget "finalGradeCalculator" */;
			buildPhases = (
				305F555F294399C10013F724 /* Sources */,
				305F5560294399C10013F724 /* Frameworks */,
				305F5561294399C10013F724 /* Resources */,
			);
			buildRules = (
			);
			dependencies = (
			);
			name = finalGradeCalculator;
			productName = finalGradeCalculator;
			productReference = 305F5563294399C10013F724 /* finalGradeCalculator.app */;
			productType = "com.apple.product-type.application";
		};
		305F5578294399C30013F724 /* finalGradeCalculatorTests */ = {
			isa = PBXNativeTarget;
			buildConfigurationList = 305F5590294399C30013F724 /* Build configuration list for PBXNativeTarget "finalGradeCalculatorTests" */;
			buildPhases = (
				305F5575294399C30013F724 /* Sources */,
				305F5576294399C30013F724 /* Frameworks */,
				305F5577294399C30013F724 /* Resources */,
			);
			buildRules = (
			);
			dependencies = (
				305F557B294399C30013F724 /* PBXTargetDependency */,
			);
			name = finalGradeCalculatorTests;
			productName = finalGradeCalculatorTests;
			productReference = 305F5579294399C30013F724 /* finalGradeCalculatorTests.xctest */;
			productType = "com.apple.product-type.bundle.unit-test";
		};
		305F5582294399C30013F724 /* finalGradeCalculatorUITests */ = {
			isa = PBXNativeTarget;
			buildConfigurationList = 305F5593294399C30013F724 /* Build configuration list for PBXNativeTarget "finalGradeCalculatorUITests" */;
			buildPhases = (
				305F557F294399C30013F724 /* Sources */,
				305F5580294399C30013F724 /* Frameworks */,
				305F5581294399C30013F724 /* Resources */,
			);
			buildRules = (
			);
			dependencies = (
				305F5585294399C30013F724 /* PBXTargetDependency */,
			);
			name = finalGradeCalculatorUITests;
			productName = finalGradeCalculatorUITests;
			productReference = 305F5583294399C30013F724 /* finalGradeCalculatorUITests.xctest */;
			productType = "com.apple.product-type.bundle.ui-testing";
		};
/* End PBXNativeTarget section */

/* Begin PBXProject section */
		305F555B294399C10013F724 /* Project object */ = {
			isa = PBXProject;
			attributes = {
				BuildIndependentTargetsInParallel = 1;
				LastSwiftUpdateCheck = 1300;
				LastUpgradeCheck = 1300;
				TargetAttributes = {
					305F5562294399C10013F724 = {
						CreatedOnToolsVersion = 13.0;
					};
					305F5578294399C30013F724 = {
						CreatedOnToolsVersion = 13.0;
						TestTargetID = 305F5562294399C10013F724;
					};
					305F5582294399C30013F724 = {
						CreatedOnToolsVersion = 13.0;
						TestTargetID = 305F5562294399C10013F724;
					};
				};
			};
			buildConfigurationList = 305F555E294399C10013F724 /* Build configuration list for PBXProject "finalGradeCalculator" */;
			compatibilityVersion = "Xcode 13.0";
			developmentRegion = en;
			hasScannedForEncodings = 0;
			knownRegions = (
				en,
				Base,
			);
			mainGroup = 305F555A294399C10013F724;
			productRefGroup = 305F5564294399C10013F724 /* Products */;
			projectDirPath = "";
			projectRoot = "";
			targets = (
				305F5562294399C10013F724 /* finalGradeCalculator */,
				305F5578294399C30013F724 /* finalGradeCalculatorTests */,
				305F5582294399C30013F724 /* finalGradeCalculatorUITests */,
			);
		};
/* End PBXProject section */

/* Begin PBXResourcesBuildPhase section */
		305F5561294399C10013F724 /* Resources */ = {
			isa = PBXResourcesBuildPhase;
			buildActionMask = 2147483647;
			files = (
				305F5573294399C30013F724 /* LaunchScreen.storyboard in Resources */,
				305F5570294399C30013F724 /* Assets.xcassets in Resources */,
				305F556E294399C10013F724 /* Main.storyboard in Resources */,
			);
			runOnlyForDeploymentPostprocessing = 0;
		};
		305F5577294399C30013F724 /* Resources */ = {
			isa = PBXResourcesBuildPhase;
			buildActionMask = 2147483647;
			files = (
			);
			runOnlyForDeploymentPostprocessing = 0;
		};
		305F5581294399C30013F724 /* Resources */ = {
			isa = PBXResourcesBuildPhase;
			buildActionMask = 2147483647;
			files = (
			);
			runOnlyForDeploymentPostprocessing = 0;
		};
/* End PBXResourcesBuildPhase section */

/* Begin PBXSourcesBuildPhase section */
		305F555F294399C10013F724 /* Sources */ = {
			isa = PBXSourcesBuildPhase;
			buildActionMask = 2147483647;
			files = (
				305F556B294399C10013F724 /* ViewController.swift in Sources */,
				305F5567294399C10013F724 /* AppDelegate.swift in Sources */,
				305F5569294399C10013F724 /* SceneDelegate.swift in Sources */,
			);
			runOnlyForDeploymentPostprocessing = 0;
		};
		305F5575294399C30013F724 /* Sources */ = {
			isa = PBXSourcesBuildPhase;
			buildActionMask = 2147483647;
			files = (
				305F557E294399C30013F724 /* finalGradeCalculatorTests.swift in Sources */,
			);
			runOnlyForDeploymentPostprocessing = 0;
		};
		305F557F294399C30013F724 /* Sources */ = {
			isa = PBXSourcesBuildPhase;
			buildActionMask = 2147483647;
			files = (
				305F5588294399C30013F724 /* finalGradeCalculatorUITests.swift in Sources */,
				305F558A294399C30013F724 /* finalGradeCalculatorUITestsLaunchTests.swift in Sources */,
			);
			runOnlyForDeploymentPostprocessing = 0;
		};
/* End PBXSourcesBuildPhase section */

/* Begin PBXTargetDependency section */
		305F557B294399C30013F724 /* PBXTargetDependency */ = {
			isa = PBXTargetDependency;
			target = 305F5562294399C10013F724 /* finalGradeCalculator */;
			targetProxy = 305F557A294399C30013F724 /* PBXContainerItemProxy */;
		};
		305F5585294399C30013F724 /* PBXTargetDependency */ = {
			isa = PBXTargetDependency;
			target = 305F5562294399C10013F724 /* finalGradeCalculator */;
			targetProxy = 305F5584294399C30013F724 /* PBXContainerItemProxy */;
		};
/* End PBXTargetDependency section */

/* Begin PBXVariantGroup section */
		305F556C294399C10013F724 /* Main.storyboard */ = {
			isa = PBXVariantGroup;
			children = (
				305F556D294399C10013F724 /* Base */,
			);
			name = Main.storyboard;
			sourceTree = "<group>";
		};
		305F5571294399C30013F724 /* LaunchScreen.storyboard */ = {
			isa = PBXVariantGroup;
			children = (
				305F5572294399C30013F724 /* Base */,
			);
			name = LaunchScreen.storyboard;
			sourceTree = "<group>";
		};
/* End PBXVariantGroup section */

/* Begin XCBuildConfiguration section */
		305F558B294399C30013F724 /* Debug */ = {
			isa = XCBuildConfiguration;
			buildSettings = {
				ALWAYS_SEARCH_USER_PATHS = NO;
				CLANG_ANALYZER_NONNULL = YES;
				CLANG_ANALYZER_NUMBER_OBJECT_CONVERSION = YES_AGGRESSIVE;
				CLANG_CXX_LANGUAGE_STANDARD = "gnu++17";
				CLANG_CXX_LIBRARY = "libc++";
				CLANG_ENABLE_MODULES = YES;
				CLANG_ENABLE_OBJC_ARC = YES;
				CLANG_ENABLE_OBJC_WEAK = YES;
				CLANG_WARN_BLOCK_CAPTURE_AUTORELEASING = YES;
				CLANG_WARN_BOOL_CONVERSION = YES;
				CLANG_WARN_COMMA = YES;
				CLANG_WARN_CONSTANT_CONVERSION = YES;
				CLANG_WARN_DEPRECATED_OBJC_IMPLEMENTATIONS = YES;
				CLANG_WARN_DIRECT_OBJC_ISA_USAGE = YES_ERROR;
				CLANG_WARN_DOCUMENTATION_COMMENTS = YES;
				CLANG_WARN_EMPTY_BODY = YES;
				CLANG_WARN_ENUM_CONVERSION = YES;
				CLANG_WARN_INFINITE_RECURSION = YES;
				CLANG_WARN_INT_CONVERSION = YES;
				CLANG_WARN_NON_LITERAL_NULL_CONVERSION = YES;
				CLANG_WARN_OBJC_IMPLICIT_RETAIN_SELF = YES;
				CLANG_WARN_OBJC_LITERAL_CONVERSION = YES;
				CLANG_WARN_OBJC_ROOT_CLASS = YES_ERROR;
				CLANG_WARN_QUOTED_INCLUDE_IN_FRAMEWORK_HEADER = YES;
				CLANG_WARN_RANGE_LOOP_ANALYSIS = YES;
				CLANG_WARN_STRICT_PROTOTYPES = YES;
				CLANG_WARN_SUSPICIOUS_MOVE = YES;
				CLANG_WARN_UNGUARDED_AVAILABILITY = YES_AGGRESSIVE;
				CLANG_WARN_UNREACHABLE_CODE = YES;
				CLANG_WARN__DUPLICATE_METHOD_MATCH = YES;
				COPY_PHASE_STRIP = NO;
				DEBUG_INFORMATION_FORMAT = dwarf;
				ENABLE_STRICT_OBJC_MSGSEND = YES;
				ENABLE_TESTABILITY = YES;
				GCC_C_LANGUAGE_STANDARD = gnu11;
				GCC_DYNAMIC_NO_PIC = NO;
				GCC_NO_COMMON_BLOCKS = YES;
				GCC_OPTIMIZATION_LEVEL = 0;
				GCC_PREPROCESSOR_DEFINITIONS = (
					"DEBUG=1",
					"$(inherited)",
				);
				GCC_WARN_64_TO_32_BIT_CONVERSION = YES;
				GCC_WARN_ABOUT_RETURN_TYPE = YES_ERROR;
				GCC_WARN_UNDECLARED_SELECTOR = YES;
				GCC_WARN_UNINITIALIZED_AUTOS = YES_AGGRESSIVE;
				GCC_WARN_UNUSED_FUNCTION = YES;
				GCC_WARN_UNUSED_VARIABLE = YES;
				IPHONEOS_DEPLOYMENT_TARGET = 15.0;
				MTL_ENABLE_DEBUG_INFO = INCLUDE_SOURCE;
				MTL_FAST_MATH = YES;
				ONLY_ACTIVE_ARCH = YES;
				SDKROOT = iphoneos;
				SWIFT_ACTIVE_COMPILATION_CONDITIONS = DEBUG;
				SWIFT_OPTIMIZATION_LEVEL = "-Onone";
			};
			name = Debug;
		};
		305F558C294399C30013F724 /* Release */ = {
			isa = XCBuildConfiguration;
			buildSettings = {
				ALWAYS_SEARCH_USER_PATHS = NO;
				CLANG_ANALYZER_NONNULL = YES;
				CLANG_ANALYZER_NUMBER_OBJECT_CONVERSION = YES_AGGRESSIVE;
				CLANG_CXX_LANGUAGE_STANDARD = "gnu++17";
				CLANG_CXX_LIBRARY = "libc++";
				CLANG_ENABLE_MODULES = YES;
				CLANG_ENABLE_OBJC_ARC = YES;
				CLANG_ENABLE_OBJC_WEAK = YES;
				CLANG_WARN_BLOCK_CAPTURE_AUTORELEASING = YES;
				CLANG_WARN_BOOL_CONVERSION = YES;
				CLANG_WARN_COMMA = YES;
				CLANG_WARN_CONSTANT_CONVERSION = YES;
				CLANG_WARN_DEPRECATED_OBJC_IMPLEMENTATIONS = YES;
				CLANG_WARN_DIRECT_OBJC_ISA_USAGE = YES_ERROR;
				CLANG_WARN_DOCUMENTATION_COMMENTS = YES;
				CLANG_WARN_EMPTY_BODY = YES;
				CLANG_WARN_ENUM_CONVERSION = YES;
				CLANG_WARN_INFINITE_RECURSION = YES;
				CLANG_WARN_INT_CONVERSION = YES;
				CLANG_WARN_NON_LITERAL_NULL_CONVERSION = YES;
				CLANG_WARN_OBJC_IMPLICIT_RETAIN_SELF = YES;
				CLANG_WARN_OBJC_LITERAL_CONVERSION = YES;
				CLANG_WARN_OBJC_ROOT_CLASS = YES_ERROR;
				CLANG_WARN_QUOTED_INCLUDE_IN_FRAMEWORK_HEADER = YES;
				CLANG_WARN_RANGE_LOOP_ANALYSIS = YES;
				CLANG_WARN_STRICT_PROTOTYPES = YES;
				CLANG_WARN_SUSPICIOUS_MOVE = YES;
				CLANG_WARN_UNGUARDED_AVAILABILITY = YES_AGGRESSIVE;
				CLANG_WARN_UNREACHABLE_CODE = YES;
				CLANG_WARN__DUPLICATE_METHOD_MATCH = YES;
				COPY_PHASE_STRIP = NO;
				DEBUG_INFORMATION_FORMAT = "dwarf-with-dsym";
				ENABLE_NS_ASSERTIONS = NO;
				ENABLE_STRICT_OBJC_MSGSEND = YES;
				GCC_C_LANGUAGE_STANDARD = gnu11;
				GCC_NO_COMMON_BLOCKS = YES;
				GCC_WARN_64_TO_32_BIT_CONVERSION = YES;
				GCC_WARN_ABOUT_RETURN_TYPE = YES_ERROR;
				GCC_WARN_UNDECLARED_SELECTOR = YES;
				GCC_WARN_UNINITIALIZED_AUTOS = YES_AGGRESSIVE;
				GCC_WARN_UNUSED_FUNCTION = YES;
				GCC_WARN_UNUSED_VARIABLE = YES;
				IPHONEOS_DEPLOYMENT_TARGET = 15.0;
				MTL_ENABLE_DEBUG_INFO = NO;
				MTL_FAST_MATH = YES;
				SDKROOT = iphoneos;
				SWIFT_COMPILATION_MODE = wholemodule;
				SWIFT_OPTIMIZATION_LEVEL = "-O";
				VALIDATE_PRODUCT = YES;
			};
			name = Release;
		};
		305F558E294399C30013F724 /* Debug */ = {
			isa = XCBuildConfiguration;
			buildSettings = {
				ASSETCATALOG_COMPILER_APPICON_NAME = AppIcon;
				ASSETCATALOG_COMPILER_GLOBAL_ACCENT_COLOR_NAME = AccentColor;
				CODE_SIGN_STYLE = Automatic;
				CURRENT_PROJECT_VERSION = 1;
				DEVELOPMENT_TEAM = D8Q8Y3RTJP;
				GENERATE_INFOPLIST_FILE = YES;
				INFOPLIST_FILE = finalGradeCalculator/Info.plist;
				INFOPLIST_KEY_UIApplicationSupportsIndirectInputEvents = YES;
				INFOPLIST_KEY_UILaunchStoryboardName = LaunchScreen;
				INFOPLIST_KEY_UIMainStoryboardFile = Main;
				INFOPLIST_KEY_UISupportedInterfaceOrientations_iPad = "UIInterfaceOrientationPortrait UIInterfaceOrientationPortraitUpsideDown UIInterfaceOrientationLandscapeLeft UIInterfaceOrientationLandscapeRight";
				INFOPLIST_KEY_UISupportedInterfaceOrientations_iPhone = "UIInterfaceOrientationPortrait UIInterfaceOrientationLandscapeLeft UIInterfaceOrientationLandscapeRight";
				LD_RUNPATH_SEARCH_PATHS = (
					"$(inherited)",
					"@executable_path/Frameworks",
				);
				MARKETING_VERSION = 1.0;
				PRODUCT_BUNDLE_IDENTIFIER = EP.finalGradeCalculator;
				PRODUCT_NAME = "$(TARGET_NAME)";
				SWIFT_EMIT_LOC_STRINGS = YES;
				SWIFT_VERSION = 5.0;
				TARGETED_DEVICE_FAMILY = "1,2";
			};
			name = Debug;
		};
		305F558F294399C30013F724 /* Release */ = {
			isa = XCBuildConfiguration;
			buildSettings = {
				ASSETCATALOG_COMPILER_APPICON_NAME = AppIcon;
				ASSETCATALOG_COMPILER_GLOBAL_ACCENT_COLOR_NAME = AccentColor;
				CODE_SIGN_STYLE = Automatic;
				CURRENT_PROJECT_VERSION = 1;
				DEVELOPMENT_TEAM = D8Q8Y3RTJP;
				GENERATE_INFOPLIST_FILE = YES;
				INFOPLIST_FILE = finalGradeCalculator/Info.plist;
				INFOPLIST_KEY_UIApplicationSupportsIndirectInputEvents = YES;
				INFOPLIST_KEY_UILaunchStoryboardName = LaunchScreen;
				INFOPLIST_KEY_UIMainStoryboardFile = Main;
				INFOPLIST_KEY_UISupportedInterfaceOrientations_iPad = "UIInterfaceOrientationPortrait UIInterfaceOrientationPortraitUpsideDown UIInterfaceOrientationLandscapeLeft UIInterfaceOrientationLandscapeRight";
				INFOPLIST_KEY_UISupportedInterfaceOrientations_iPhone = "UIInterfaceOrientationPortrait UIInterfaceOrientationLandscapeLeft UIInterfaceOrientationLandscapeRight";
				LD_RUNPATH_SEARCH_PATHS = (
					"$(inherited)",
					"@executable_path/Frameworks",
				);
				MARKETING_VERSION = 1.0;
				PRODUCT_BUNDLE_IDENTIFIER = EP.finalGradeCalculator;
				PRODUCT_NAME = "$(TARGET_NAME)";
				SWIFT_EMIT_LOC_STRINGS = YES;
				SWIFT_VERSION = 5.0;
				TARGETED_DEVICE_FAMILY = "1,2";
			};
			name = Release;
		};
		305F5591294399C30013F724 /* Debug */ = {
			isa = XCBuildConfiguration;
			buildSettings = {
				ALWAYS_EMBED_SWIFT_STANDARD_LIBRARIES = YES;
				BUNDLE_LOADER = "$(TEST_HOST)";
				CODE_SIGN_STYLE = Automatic;
				CURRENT_PROJECT_VERSION = 1;
				DEVELOPMENT_TEAM = D8Q8Y3RTJP;
				GENERATE_INFOPLIST_FILE = YES;
				IPHONEOS_DEPLOYMENT_TARGET = 15.0;
				LD_RUNPATH_SEARCH_PATHS = (
					"$(inherited)",
					"@executable_path/Frameworks",
					"@loader_path/Frameworks",
				);
				MARKETING_VERSION = 1.0;
				PRODUCT_BUNDLE_IDENTIFIER = EP.finalGradeCalculatorTests;
				PRODUCT_NAME = "$(TARGET_NAME)";
				SWIFT_EMIT_LOC_STRINGS = NO;
				SWIFT_VERSION = 5.0;
				TARGETED_DEVICE_FAMILY = "1,2";
				TEST_HOST = "$(BUILT_PRODUCTS_DIR)/finalGradeCalculator.app/finalGradeCalculator";
			};
			name = Debug;
		};
		305F5592294399C30013F724 /* Release */ = {
			isa = XCBuildConfiguration;
			buildSettings = {
				ALWAYS_EMBED_SWIFT_STANDARD_LIBRARIES = YES;
				BUNDLE_LOADER = "$(TEST_HOST)";
				CODE_SIGN_STYLE = Automatic;
				CURRENT_PROJECT_VERSION = 1;
				DEVELOPMENT_TEAM = D8Q8Y3RTJP;
				GENERATE_INFOPLIST_FILE = YES;
				IPHONEOS_DEPLOYMENT_TARGET = 15.0;
				LD_RUNPATH_SEARCH_PATHS = (
					"$(inherited)",
					"@executable_path/Frameworks",
					"@loader_path/Frameworks",
				);
				MARKETING_VERSION = 1.0;
				PRODUCT_BUNDLE_IDENTIFIER = EP.finalGradeCalculatorTests;
				PRODUCT_NAME = "$(TARGET_NAME)";
				SWIFT_EMIT_LOC_STRINGS = NO;
				SWIFT_VERSION = 5.0;
				TARGETED_DEVICE_FAMILY = "1,2";
				TEST_HOST = "$(BUILT_PRODUCTS_DIR)/finalGradeCalculator.app/finalGradeCalculator";
			};
			name = Release;
		};
		305F5594294399C30013F724 /* Debug */ = {
			isa = XCBuildConfiguration;
			buildSettings = {
				ALWAYS_EMBED_SWIFT_STANDARD_LIBRARIES = YES;
				CODE_SIGN_STYLE = Automatic;
				CURRENT_PROJECT_VERSION = 1;
				DEVELOPMENT_TEAM = D8Q8Y3RTJP;
				GENERATE_INFOPLIST_FILE = YES;
				LD_RUNPATH_SEARCH_PATHS = (
					"$(inherited)",
					"@executable_path/Frameworks",
					"@loader_path/Frameworks",
				);
				MARKETING_VERSION = 1.0;
				PRODUCT_BUNDLE_IDENTIFIER = EP.finalGradeCalculatorUITests;
				PRODUCT_NAME = "$(TARGET_NAME)";
				SWIFT_EMIT_LOC_STRINGS = NO;
				SWIFT_VERSION = 5.0;
				TARGETED_DEVICE_FAMILY = "1,2";
				TEST_TARGET_NAME = finalGradeCalculator;
			};
			name = Debug;
		};
		305F5595294399C30013F724 /* Release */ = {
			isa = XCBuildConfiguration;
			buildSettings = {
				ALWAYS_EMBED_SWIFT_STANDARD_LIBRARIES = YES;
				CODE_SIGN_STYLE = Automatic;
				CURRENT_PROJECT_VERSION = 1;
				DEVELOPMENT_TEAM = D8Q8Y3RTJP;
				GENERATE_INFOPLIST_FILE = YES;
				LD_RUNPATH_SEARCH_PATHS = (
					"$(inherited)",
					"@executable_path/Frameworks",
					"@loader_path/Frameworks",
				);
				MARKETING_VERSION = 1.0;
				PRODUCT_BUNDLE_IDENTIFIER = EP.finalGradeCalculatorUITests;
				PRODUCT_NAME = "$(TARGET_NAME)";
				SWIFT_EMIT_LOC_STRINGS = NO;
				SWIFT_VERSION = 5.0;
				TARGETED_DEVICE_FAMILY = "1,2";
				TEST_TARGET_NAME = finalGradeCalculator;
			};
			name = Release;
		};
/* End XCBuildConfiguration section */

/* Begin XCConfigurationList section */
		305F555E294399C10013F724 /* Build configuration list for PBXProject "finalGradeCalculator" */ = {
			isa = XCConfigurationList;
			buildConfigurations = (
				305F558B294399C30013F724 /* Debug */,
				305F558C294399C30013F724 /* Release */,
			);
			defaultConfigurationIsVisible = 0;
			defaultConfigurationName = Release;
		};
		305F558D294399C30013F724 /* Build configuration list for PBXNativeTarget "finalGradeCalculator" */ = {
			isa = XCConfigurationList;
			buildConfigurations = (
				305F558E294399C30013F724 /* Debug */,
				305F558F294399C30013F724 /* Release */,
			);
			defaultConfigurationIsVisible = 0;
			defaultConfigurationName = Release;
		};
		305F5590294399C30013F724 /* Build configuration list for PBXNativeTarget "finalGradeCalculatorTests" */ = {
			isa = XCConfigurationList;
			buildConfigurations = (
				305F5591294399C30013F724 /* Debug */,
				305F5592294399C30013F724 /* Release */,
			);
			defaultConfigurationIsVisible = 0;
			defaultConfigurationName = Release;
		};
		305F5593294399C30013F724 /* Build configuration list for PBXNativeTarget "finalGradeCalculatorUITests" */ = {
			isa = XCConfigurationList;
			buildConfigurations = (
				305F5594294399C30013F724 /* Debug */,
				305F5595294399C30013F724 /* Release */,
			);
			defaultConfigurationIsVisible = 0;
			defaultConfigurationName = Release;
		};
/* End XCConfigurationList section */
	};
	rootObject = 305F555B294399C10013F724 /* Project object */;
}
